
Microsoft Visual Studio Solution File, Format Version 12.00
# Visual Studio Version 16
VisualStudioVersion = 16.0.34031.81
MinimumVisualStudioVersion = 10.0.40219.1
Project("{8BC9CEB8-8B4A-11D0-8D11-00A0C91BC942}") = "Server", "Server\Server.vcxproj", "{88480C30-4B26-41D7-9079-75BD791757DA}"
EndProject
Project("{8BC9CEB8-8B4A-11D0-8D11-00A0C91BC942}") = "Client", "Client\Client.vcxproj", "{65125557-BE36-4EE5-8C4F-0B5601314E38}"
EndProject
Project("{8BC9CEB8-8B4A-11D0-8D11-00A0C91BC942}") = "EmailSystem", "EmailSystem\EmailSystem.vcxproj", "{B3076BC5-F184-4699-84FB-BED5C51CADEE}"
EndProject
Global
	GlobalSection(SolutionConfigurationPlatforms) = preSolution
		Debug|x64 = Debug|x64
		Debug|x86 = Debug|x86
		Release|x64 = Release|x64
		Release|x86 = Release|x86
	EndGlobalSection
	GlobalSection(ProjectConfigurationPlatforms) = postSolution
		{88480C30-4B26-41D7-9079-75BD791757DA}.Debug|x64.ActiveCfg = Debug|x64
		{88480C30-4B26-41D7-9079-75BD791757DA}.Debug|x64.Build.0 = Debug|x64
		{88480C30-4B26-41D7-9079-75BD791757DA}.Debug|x86.ActiveCfg = Debug|Win32
		{88480C30-4B26-41D7-9079-75BD791757DA}.Debug|x86.Build.0 = Debug|Win32
		{88480C30-4B26-41D7-9079-75BD791757DA}.Release|x64.ActiveCfg = Release|x64
		{88480C30-4B26-41D7-9079-75BD791757DA}.Release|x64.Build.0 = Release|x64
		{88480C30-4B26-41D7-9079-75BD791757DA}.Release|x86.ActiveCfg = Release|Win32
		{88480C30-4B26-41D7-9079-75BD791757DA}.Release|x86.Build.0 = Release|Win32
		{65125557-BE36-4EE5-8C4F-0B5601314E38}.Debug|x64.ActiveCfg = Debug|x64
		{65125557-BE36-4EE5-8C4F-0B5601314E38}.Debug|x64.Build.0 = Debug|x64
		{65125557-BE36-4EE5-8C4F-0B5601314E38}.Debug|x86.ActiveCfg = Debug|Win32
		{65125557-BE36-4EE5-8C4F-0B5601314E38}.Debug|x86.Build.0 = Debug|Win32
		{65125557-BE36-4EE5-8C4F-0B5601314E38}.Release|x64.ActiveCfg = Release|x64
		{65125557-BE36-4EE5-8C4F-0B5601314E38}.Release|x64.Build.0 = Release|x64
		{65125557-BE36-4EE5-8C4F-0B5601314E38}.Release|x86.ActiveCfg = Release|Win32
		{65125557-BE36-4EE5-8C4F-0B5601314E38}.Release|x86.Build.0 = Release|Win32
		{B3076BC5-F184-4699-84FB-BED5C51CADEE}.Debug|x64.ActiveCfg = Debug|x64
		{B3076BC5-F184-4699-84FB-BED5C51CADEE}.Debug|x64.Build.0 = Debug|x64
		{B3076BC5-F184-4699-84FB-BED5C51CADEE}.Debug|x86.ActiveCfg = Debug|Win32
		{B3076BC5-F184-4699-84FB-BED5C51CADEE}.Debug|x86.Build.0 = Debug|Win32
		{B3076BC5-F184-4699-84FB-BED5C51CADEE}.Release|x64.ActiveCfg = Release|x64
		{B3076BC5-F184-4699-84FB-BED5C51CADEE}.Release|x64.Build.0 = Release|x64
		{B3076BC5-F184-4699-84FB-BED5C51CADEE}.Release|x86.ActiveCfg = Release|Win32
		{B3076BC5-F184-4699-84FB-BED5C51CADEE}.Release|x86.Build.0 = Release|Win32
	EndGlobalSection
	GlobalSection(SolutionProperties) = preSolution
		HideSolutionNode = FALSE
	EndGlobalSection
	GlobalSection(ExtensibilityGlobals) = postSolution
		SolutionGuid = {3C027B5D-CA44-4E5F-A03E-398BE12763C8}
	EndGlobalSection
EndGlobal
